
Microsoft Visual Studio Solution File, Format Version 12.00
# Visual Studio Version 17
VisualStudioVersion = 17.4.33213.308
MinimumVisualStudioVersion = 10.0.40219.1
Project("{FAE04EC0-301F-11D3-BF4B-00C04F79EFBC}") = "01-OlaMundo", "01-OlaMundo\01-OlaMundo.csproj", "{242ECD35-95EE-4521-81F3-708771368E42}"
EndProject
Global
	GlobalSection(SolutionConfigurationPlatforms) = preSolution
		Debug|Any CPU = Debug|Any CPU
		Release|Any CPU = Release|Any CPU
	EndGlobalSection
	GlobalSection(ProjectConfigurationPlatforms) = postSolution
		{242ECD35-95EE-4521-81F3-708771368E42}.Debug|Any CPU.ActiveCfg = Debug|Any CPU
		{242ECD35-95EE-4521-81F3-708771368E42}.Debug|Any CPU.Build.0 = Debug|Any CPU
		{242ECD35-95EE-4521-81F3-708771368E42}.Release|Any CPU.ActiveCfg = Release|Any CPU
		{242ECD35-95EE-4521-81F3-708771368E42}.Release|Any CPU.Build.0 = Release|Any CPU
	EndGlobalSection
	GlobalSection(SolutionProperties) = preSolution
		HideSolutionNode = FALSE
	EndGlobalSection
	GlobalSection(ExtensibilityGlobals) = postSolution
		SolutionGuid = {5EF4E2F0-CDA6-49AF-8C4B-C09156AD22F2}
	EndGlobalSection
EndGlobal
